// !$*UTF8*$!
{
	archiveVersion = 1;
	classes = {
	};
	objectVersion = 50;
	objects = {

/* Begin PBXBuildFile section */
		1C02D6F02620A3C300775F0F /* AppDelegate.swift in Sources */ = {isa = PBXBuildFile; fileRef = 1C02D6EF2620A3C300775F0F /* AppDelegate.swift */; };
		1C02D6F22620A3C300775F0F /* SceneDelegate.swift in Sources */ = {isa = PBXBuildFile; fileRef = 1C02D6F12620A3C300775F0F /* SceneDelegate.swift */; };
		1C02D6F42620A3C300775F0F /* ViewController.swift in Sources */ = {isa = PBXBuildFile; fileRef = 1C02D6F32620A3C300775F0F /* ViewController.swift */; };
		1C02D6F72620A3C300775F0F /* Main.storyboard in Resources */ = {isa = PBXBuildFile; fileRef = 1C02D6F52620A3C300775F0F /* Main.storyboard */; };
		1C02D6F92620A3C500775F0F /* Assets.xcassets in Resources */ = {isa = PBXBuildFile; fileRef = 1C02D6F82620A3C500775F0F /* Assets.xcassets */; };
		1C02D6FC2620A3C500775F0F /* LaunchScreen.storyboard in Resources */ = {isa = PBXBuildFile; fileRef = 1C02D6FA2620A3C500775F0F /* LaunchScreen.storyboard */; };
		6D9CDC738FE75B0883D6993A /* Pods_DatasourceTableView.framework in Frameworks */ = {isa = PBXBuildFile; fileRef = EC10C5344E758EE6C074820E /* Pods_DatasourceTableView.framework */; };
/* End PBXBuildFile section */

/* Begin PBXFileReference section */
		1C02D6EC2620A3C300775F0F /* DatasourceTableView.app */ = {isa = PBXFileReference; explicitFileType = wrapper.application; includeInIndex = 0; path = DatasourceTableView.app; sourceTree = BUILT_PRODUCTS_DIR; };
		1C02D6EF2620A3C300775F0F /* AppDelegate.swift */ = {isa = PBXFileReference; lastKnownFileType = sourcecode.swift; path = AppDelegate.swift; sourceTree = "<group>"; };
		1C02D6F12620A3C300775F0F /* SceneDelegate.swift */ = {isa = PBXFileReference; lastKnownFileType = sourcecode.swift; path = SceneDelegate.swift; sourceTree = "<group>"; };
		1C02D6F32620A3C300775F0F /* ViewController.swift */ = {isa = PBXFileReference; lastKnownFileType = sourcecode.swift; path = ViewController.swift; sourceTree = "<group>"; };
		1C02D6F62620A3C300775F0F /* Base */ = {isa = PBXFileReference; lastKnownFileType = file.storyboard; name = Base; path = Base.lproj/Main.storyboard; sourceTree = "<group>"; };
		1C02D6F82620A3C500775F0F /* Assets.xcassets */ = {isa = PBXFileReference; lastKnownFileType = folder.assetcatalog; path = Assets.xcassets; sourceTree = "<group>"; };
		1C02D6FB2620A3C500775F0F /* Base */ = {isa = PBXFileReference; lastKnownFileType = file.storyboard; name = Base; path = Base.lproj/LaunchScreen.storyboard; sourceTree = "<group>"; };
		1C02D6FD2620A3C500775F0F /* Info.plist */ = {isa = PBXFileReference; lastKnownFileType = text.plist.xml; path = Info.plist; sourceTree = "<group>"; };
		7297236AF9A51EA6E872ED37 /* Pods-DatasourceTableView.release.xcconfig */ = {isa = PBXFileReference; includeInIndex = 1; lastKnownFileType = text.xcconfig; name = "Pods-DatasourceTableView.release.xcconfig"; path = "Target Support Files/Pods-DatasourceTableView/Pods-DatasourceTableView.release.xcconfig"; sourceTree = "<group>"; };
		D58CBF86E8D34DF1DAFFD50E /* Pods-DatasourceTableView.debug.xcconfig */ = {isa = PBXFileReference; includeInIndex = 1; lastKnownFileType = text.xcconfig; name = "Pods-DatasourceTableView.debug.xcconfig"; path = "Target Support Files/Pods-DatasourceTableView/Pods-DatasourceTableView.debug.xcconfig"; sourceTree = "<group>"; };
		EC10C5344E758EE6C074820E /* Pods_DatasourceTableView.framework */ = {isa = PBXFileReference; explicitFileType = wrapper.framework; includeInIndex = 0; path = Pods_DatasourceTableView.framework; sourceTree = BUILT_PRODUCTS_DIR; };
/* End PBXFileReference section */

/* Begin PBXFrameworksBuildPhase section */
		1C02D6E92620A3C300775F0F /* Frameworks */ = {
			isa = PBXFrameworksBuildPhase;
			buildActionMask = 2147483647;
			files = (
				6D9CDC738FE75B0883D6993A /* Pods_DatasourceTableView.framework in Frameworks */,
			);
			runOnlyForDeploymentPostprocessing = 0;
		};
/* End PBXFrameworksBuildPhase section */

/* Begin PBXGroup section */
		03F550CB7019F4419EF30481 /* Frameworks */ = {
			isa = PBXGroup;
			children = (
				EC10C5344E758EE6C074820E /* Pods_DatasourceTableView.framework */,
			);
			name = Frameworks;
			sourceTree = "<group>";
		};
		1C02D6E32620A3C300775F0F = {
			isa = PBXGroup;
			children = (
				1C02D6EE2620A3C300775F0F /* DatasourceTableView */,
				1C02D6ED2620A3C300775F0F /* Products */,
				69CE20430C3F590BCD5BFAC6 /* Pods */,
				03F550CB7019F4419EF30481 /* Frameworks */,
			);
			sourceTree = "<group>";
		};
		1C02D6ED2620A3C300775F0F /* Products */ = {
			isa = PBXGroup;
			children = (
				1C02D6EC2620A3C300775F0F /* DatasourceTableView.app */,
			);
			name = Products;
			sourceTree = "<group>";
		};
		1C02D6EE2620A3C300775F0F /* DatasourceTableView */ = {
			isa = PBXGroup;
			children = (
				1C02D6EF2620A3C300775F0F /* AppDelegate.swift */,
				1C02D6F12620A3C300775F0F /* SceneDelegate.swift */,
				1C02D6F32620A3C300775F0F /* ViewController.swift */,
				1C02D6F52620A3C300775F0F /* Main.storyboard */,
				1C02D6F82620A3C500775F0F /* Assets.xcassets */,
				1C02D6FA2620A3C500775F0F /* LaunchScreen.storyboard */,
				1C02D6FD2620A3C500775F0F /* Info.plist */,
			);
			path = DatasourceTableView;
			sourceTree = "<group>";
		};
		69CE20430C3F590BCD5BFAC6 /* Pods */ = {
			isa = PBXGroup;
			children = (
				D58CBF86E8D34DF1DAFFD50E /* Pods-DatasourceTableView.debug.xcconfig */,
				7297236AF9A51EA6E872ED37 /* Pods-DatasourceTableView.release.xcconfig */,
			);
			name = Pods;
			path = Pods;
			sourceTree = "<group>";
		};
/* End PBXGroup section */

/* Begin PBXNativeTarget section */
		1C02D6EB2620A3C300775F0F /* DatasourceTableView */ = {
			isa = PBXNativeTarget;
			buildConfigurationList = 1C02D7002620A3C500775F0F /* Build configuration list for PBXNativeTarget "DatasourceTableView" */;
			buildPhases = (
				7D3C737C5BDD2172DCD7F4C6 /* [CP] Check Pods Manifest.lock */,
				1C02D6E82620A3C300775F0F /* Sources */,
				1C02D6E92620A3C300775F0F /* Frameworks */,
				1C02D6EA2620A3C300775F0F /* Resources */,
				742658D39147F848E71BC6ED /* [CP] Embed Pods Frameworks */,
			);
			buildRules = (
			);
			dependencies = (
			);
			name = DatasourceTableView;
			productName = DatasourceTableView;
			productReference = 1C02D6EC2620A3C300775F0F /* DatasourceTableView.app */;
			productType = "com.apple.product-type.application";
		};
/* End PBXNativeTarget section */

/* Begin PBXProject section */
		1C02D6E42620A3C300775F0F /* Project object */ = {
			isa = PBXProject;
			attributes = {
				LastSwiftUpdateCheck = 1240;
				LastUpgradeCheck = 1240;
				TargetAttributes = {
					1C02D6EB2620A3C300775F0F = {
						CreatedOnToolsVersion = 12.4;
					};
				};
			};
			buildConfigurationList = 1C02D6E72620A3C300775F0F /* Build configuration list for PBXProject "DatasourceTableView" */;
			compatibilityVersion = "Xcode 9.3";
			developmentRegion = en;
			hasScannedForEncodings = 0;
			knownRegions = (
				en,
				Base,
			);
			mainGroup = 1C02D6E32620A3C300775F0F;
			productRefGroup = 1C02D6ED2620A3C300775F0F /* Products */;
			projectDirPath = "";
			projectRoot = "";
			targets = (
				1C02D6EB2620A3C300775F0F /* DatasourceTableView */,
			);
		};
/* End PBXProject section */

/* Begin PBXResourcesBuildPhase section */
		1C02D6EA2620A3C300775F0F /* Resources */ = {
			isa = PBXResourcesBuildPhase;
			buildActionMask = 2147483647;
			files = (
				1C02D6FC2620A3C500775F0F /* LaunchScreen.storyboard in Resources */,
				1C02D6F92620A3C500775F0F /* Assets.xcassets in Resources */,
				1C02D6F72620A3C300775F0F /* Main.storyboard in Resources */,
			);
			runOnlyForDeploymentPostprocessing = 0;
		};
/* End PBXResourcesBuildPhase section */

/* Begin PBXShellScriptBuildPhase section */
		742658D39147F848E71BC6ED /* [CP] Embed Pods Frameworks */ = {
			isa = PBXShellScriptBuildPhase;
			buildActionMask = 2147483647;
			files = (
			);
			inputFileListPaths = (
				"${PODS_ROOT}/Target Support Files/Pods-DatasourceTableView/Pods-DatasourceTableView-frameworks-${CONFIGURATION}-input-files.xcfilelist",
			);
			name = "[CP] Embed Pods Frameworks";
			outputFileListPaths = (
				"${PODS_ROOT}/Target Support Files/Pods-DatasourceTableView/Pods-DatasourceTableView-frameworks-${CONFIGURATION}-output-files.xcfilelist",
			);
			runOnlyForDeploymentPostprocessing = 0;
			shellPath = /bin/sh;
			shellScript = "\"${PODS_ROOT}/Target Support Files/Pods-DatasourceTableView/Pods-DatasourceTableView-frameworks.sh\"\n";
			showEnvVarsInLog = 0;
		};
		7D3C737C5BDD2172DCD7F4C6 /* [CP] Check Pods Manifest.lock */ = {
			isa = PBXShellScriptBuildPhase;
			buildActionMask = 2147483647;
			files = (
			);
			inputFileListPaths = (
			);
			inputPaths = (
				"${PODS_PODFILE_DIR_PATH}/Podfile.lock",
				"${PODS_ROOT}/Manifest.lock",
			);
			name = "[CP] Check Pods Manifest.lock";
			outputFileListPaths = (
			);
			outputPaths = (
				"$(DERIVED_FILE_DIR)/Pods-DatasourceTableView-checkManifestLockResult.txt",
			);
			runOnlyForDeploymentPostprocessing = 0;
			shellPath = /bin/sh;
			shellScript = "diff \"${PODS_PODFILE_DIR_PATH}/Podfile.lock\" \"${PODS_ROOT}/Manifest.lock\" > /dev/null\nif [ $? != 0 ] ; then\n    # print error to STDERR\n    echo \"error: The sandbox is not in sync with the Podfile.lock. Run 'pod install' or update your CocoaPods installation.\" >&2\n    exit 1\nfi\n# This output is used by Xcode 'outputs' to avoid re-running this script phase.\necho \"SUCCESS\" > \"${SCRIPT_OUTPUT_FILE_0}\"\n";
			showEnvVarsInLog = 0;
		};
/* End PBXShellScriptBuildPhase section */

/* Begin PBXSourcesBuildPhase section */
		1C02D6E82620A3C300775F0F /* Sources */ = {
			isa = PBXSourcesBuildPhase;
			buildActionMask = 2147483647;
			files = (
				1C02D6F42620A3C300775F0F /* ViewController.swift in Sources */,
				1C02D6F02620A3C300775F0F /* AppDelegate.swift in Sources */,
				1C02D6F22620A3C300775F0F /* SceneDelegate.swift in Sources */,
			);
			runOnlyForDeploymentPostprocessing = 0;
		};
/* End PBXSourcesBuildPhase section */

/* Begin PBXVariantGroup section */
		1C02D6F52620A3C300775F0F /* Main.storyboard */ = {
			isa = PBXVariantGroup;
			children = (
				1C02D6F62620A3C300775F0F /* Base */,
			);
			name = Main.storyboard;
			sourceTree = "<group>";
		};
		1C02D6FA2620A3C500775F0F /* LaunchScreen.storyboard */ = {
			isa = PBXVariantGroup;
			children = (
				1C02D6FB2620A3C500775F0F /* Base */,
			);
			name = LaunchScreen.storyboard;
			sourceTree = "<group>";
		};
/* End PBXVariantGroup section */

/* Begin XCBuildConfiguration section */
		1C02D6FE2620A3C500775F0F /* Debug */ = {
			isa = XCBuildConfiguration;
			buildSettings = {
				ALWAYS_SEARCH_USER_PATHS = NO;
				CLANG_ANALYZER_NONNULL = YES;
				CLANG_ANALYZER_NUMBER_OBJECT_CONVERSION = YES_AGGRESSIVE;
				CLANG_CXX_LANGUAGE_STANDARD = "gnu++14";
				CLANG_CXX_LIBRARY = "libc++";
				CLANG_ENABLE_MODULES = YES;
				CLANG_ENABLE_OBJC_ARC = YES;
				CLANG_ENABLE_OBJC_WEAK = YES;
				CLANG_WARN_BLOCK_CAPTURE_AUTORELEASING = YES;
				CLANG_WARN_BOOL_CONVERSION = YES;
				CLANG_WARN_COMMA = YES;
				CLANG_WARN_CONSTANT_CONVERSION = YES;
				CLANG_WARN_DEPRECATED_OBJC_IMPLEMENTATIONS = YES;
				CLANG_WARN_DIRECT_OBJC_ISA_USAGE = YES_ERROR;
				CLANG_WARN_DOCUMENTATION_COMMENTS = YES;
				CLANG_WARN_EMPTY_BODY = YES;
				CLANG_WARN_ENUM_CONVERSION = YES;
				CLANG_WARN_INFINITE_RECURSION = YES;
				CLANG_WARN_INT_CONVERSION = YES;
				CLANG_WARN_NON_LITERAL_NULL_CONVERSION = YES;
				CLANG_WARN_OBJC_IMPLICIT_RETAIN_SELF = YES;
				CLANG_WARN_OBJC_LITERAL_CONVERSION = YES;
				CLANG_WARN_OBJC_ROOT_CLASS = YES_ERROR;
				CLANG_WARN_QUOTED_INCLUDE_IN_FRAMEWORK_HEADER = YES;
				CLANG_WARN_RANGE_LOOP_ANALYSIS = YES;
				CLANG_WARN_STRICT_PROTOTYPES = YES;
				CLANG_WARN_SUSPICIOUS_MOVE = YES;
				CLANG_WARN_UNGUARDED_AVAILABILITY = YES_AGGRESSIVE;
				CLANG_WARN_UNREACHABLE_CODE = YES;
				CLANG_WARN__DUPLICATE_METHOD_MATCH = YES;
				COPY_PHASE_STRIP = NO;
				DEBUG_INFORMATION_FORMAT = dwarf;
				ENABLE_STRICT_OBJC_MSGSEND = YES;
				ENABLE_TESTABILITY = YES;
				GCC_C_LANGUAGE_STANDARD = gnu11;
				GCC_DYNAMIC_NO_PIC = NO;
				GCC_NO_COMMON_BLOCKS = YES;
				GCC_OPTIMIZATION_LEVEL = 0;
				GCC_PREPROCESSOR_DEFINITIONS = (
					"DEBUG=1",
					"$(inherited)",
				);
				GCC_WARN_64_TO_32_BIT_CONVERSION = YES;
				GCC_WARN_ABOUT_RETURN_TYPE = YES_ERROR;
				GCC_WARN_UNDECLARED_SELECTOR = YES;
				GCC_WARN_UNINITIALIZED_AUTOS = YES_AGGRESSIVE;
				GCC_WARN_UNUSED_FUNCTION = YES;
				GCC_WARN_UNUSED_VARIABLE = YES;
				IPHONEOS_DEPLOYMENT_TARGET = 14.4;
				MTL_ENABLE_DEBUG_INFO = INCLUDE_SOURCE;
				MTL_FAST_MATH = YES;
				ONLY_ACTIVE_ARCH = YES;
				SDKROOT = iphoneos;
				SWIFT_ACTIVE_COMPILATION_CONDITIONS = DEBUG;
				SWIFT_OPTIMIZATION_LEVEL = "-Onone";
			};
			name = Debug;
		};
		1C02D6FF2620A3C500775F0F /* Release */ = {
			isa = XCBuildConfiguration;
			buildSettings = {
				ALWAYS_SEARCH_USER_PATHS = NO;
				CLANG_ANALYZER_NONNULL = YES;
				CLANG_ANALYZER_NUMBER_OBJECT_CONVERSION = YES_AGGRESSIVE;
				CLANG_CXX_LANGUAGE_STANDARD = "gnu++14";
				CLANG_CXX_LIBRARY = "libc++";
				CLANG_ENABLE_MODULES = YES;
				CLANG_ENABLE_OBJC_ARC = YES;
				CLANG_ENABLE_OBJC_WEAK = YES;
				CLANG_WARN_BLOCK_CAPTURE_AUTORELEASING = YES;
				CLANG_WARN_BOOL_CONVERSION = YES;
				CLANG_WARN_COMMA = YES;
				CLANG_WARN_CONSTANT_CONVERSION = YES;
				CLANG_WARN_DEPRECATED_OBJC_IMPLEMENTATIONS = YES;
				CLANG_WARN_DIRECT_OBJC_ISA_USAGE = YES_ERROR;
				CLANG_WARN_DOCUMENTATION_COMMENTS = YES;
				CLANG_WARN_EMPTY_BODY = YES;
				CLANG_WARN_ENUM_CONVERSION = YES;
				CLANG_WARN_INFINITE_RECURSION = YES;
				CLANG_WARN_INT_CONVERSION = YES;
				CLANG_WARN_NON_LITERAL_NULL_CONVERSION = YES;
				CLANG_WARN_OBJC_IMPLICIT_RETAIN_SELF = YES;
				CLANG_WARN_OBJC_LITERAL_CONVERSION = YES;
				CLANG_WARN_OBJC_ROOT_CLASS = YES_ERROR;
				CLANG_WARN_QUOTED_INCLUDE_IN_FRAMEWORK_HEADER = YES;
				CLANG_WARN_RANGE_LOOP_ANALYSIS = YES;
				CLANG_WARN_STRICT_PROTOTYPES = YES;
				CLANG_WARN_SUSPICIOUS_MOVE = YES;
				CLANG_WARN_UNGUARDED_AVAILABILITY = YES_AGGRESSIVE;
				CLANG_WARN_UNREACHABLE_CODE = YES;
				CLANG_WARN__DUPLICATE_METHOD_MATCH = YES;
				COPY_PHASE_STRIP = NO;
				DEBUG_INFORMATION_FORMAT = "dwarf-with-dsym";
				ENABLE_NS_ASSERTIONS = NO;
				ENABLE_STRICT_OBJC_MSGSEND = YES;
				GCC_C_LANGUAGE_STANDARD = gnu11;
				GCC_NO_COMMON_BLOCKS = YES;
				GCC_WARN_64_TO_32_BIT_CONVERSION = YES;
				GCC_WARN_ABOUT_RETURN_TYPE = YES_ERROR;
				GCC_WARN_UNDECLARED_SELECTOR = YES;
				GCC_WARN_UNINITIALIZED_AUTOS = YES_AGGRESSIVE;
				GCC_WARN_UNUSED_FUNCTION = YES;
				GCC_WARN_UNUSED_VARIABLE = YES;
				IPHONEOS_DEPLOYMENT_TARGET = 14.4;
				MTL_ENABLE_DEBUG_INFO = NO;
				MTL_FAST_MATH = YES;
				SDKROOT = iphoneos;
				SWIFT_COMPILATION_MODE = wholemodule;
				SWIFT_OPTIMIZATION_LEVEL = "-O";
				VALIDATE_PRODUCT = YES;
			};
			name = Release;
		};
		1C02D7012620A3C500775F0F /* Debug */ = {
			isa = XCBuildConfiguration;
			baseConfigurationReference = D58CBF86E8D34DF1DAFFD50E /* Pods-DatasourceTableView.debug.xcconfig */;
			buildSettings = {
				ASSETCATALOG_COMPILER_APPICON_NAME = AppIcon;
				ASSETCATALOG_COMPILER_GLOBAL_ACCENT_COLOR_NAME = AccentColor;
				CODE_SIGN_STYLE = Automatic;
				DEVELOPMENT_TEAM = L52U2QMKSA;
				INFOPLIST_FILE = DatasourceTableView/Info.plist;
				LD_RUNPATH_SEARCH_PATHS = (
					"$(inherited)",
					"@executable_path/Frameworks",
				);
				PRODUCT_BUNDLE_IDENTIFIER = com.smb.dynamicLinkApp.DatasourceTableView;
				PRODUCT_NAME = "$(TARGET_NAME)";
				SWIFT_VERSION = 5.0;
				TARGETED_DEVICE_FAMILY = "1,2";
			};
			name = Debug;
		};
		1C02D7022620A3C500775F0F /* Release */ = {
			isa = XCBuildConfiguration;
			baseConfigurationReference = 7297236AF9A51EA6E872ED37 /* Pods-DatasourceTableView.release.xcconfig */;
			buildSettings = {
				ASSETCATALOG_COMPILER_APPICON_NAME = AppIcon;
				ASSETCATALOG_COMPILER_GLOBAL_ACCENT_COLOR_NAME = AccentColor;
				CODE_SIGN_STYLE = Automatic;
				DEVELOPMENT_TEAM = L52U2QMKSA;
				INFOPLIST_FILE = DatasourceTableView/Info.plist;
				LD_RUNPATH_SEARCH_PATHS = (
					"$(inherited)",
					"@executable_path/Frameworks",
				);
				PRODUCT_BUNDLE_IDENTIFIER = com.smb.dynamicLinkApp.DatasourceTableView;
				PRODUCT_NAME = "$(TARGET_NAME)";
				SWIFT_VERSION = 5.0;
				TARGETED_DEVICE_FAMILY = "1,2";
			};
			name = Release;
		};
/* End XCBuildConfiguration section */

/* Begin XCConfigurationList section */
		1C02D6E72620A3C300775F0F /* Build configuration list for PBXProject "DatasourceTableView" */ = {
			isa = XCConfigurationList;
			buildConfigurations = (
				1C02D6FE2620A3C500775F0F /* Debug */,
				1C02D6FF2620A3C500775F0F /* Release */,
			);
			defaultConfigurationIsVisible = 0;
			defaultConfigurationName = Release;
		};
		1C02D7002620A3C500775F0F /* Build configuration list for PBXNativeTarget "DatasourceTableView" */ = {
			isa = XCConfigurationList;
			buildConfigurations = (
				1C02D7012620A3C500775F0F /* Debug */,
				1C02D7022620A3C500775F0F /* Release */,
			);
			defaultConfigurationIsVisible = 0;
			defaultConfigurationName = Release;
		};
/* End XCConfigurationList section */
	};
	rootObject = 1C02D6E42620A3C300775F0F /* Project object */;
}
